
Microsoft Visual Studio Solution File, Format Version 12.00
# Visual Studio Version 17
VisualStudioVersion = 17.6.33829.357
MinimumVisualStudioVersion = 10.0.40219.1
Project("{9A19103F-16F7-4668-BE54-9A1E7A4F7556}") = "debate-it-backend", "twist-it-backend\debate-it-backend.csproj", "{A1D8E9A7-970A-4032-AF09-AD968A8AC3E8}"
EndProject
Global
	GlobalSection(SolutionConfigurationPlatforms) = preSolution
		Debug|Any CPU = Debug|Any CPU
		Release|Any CPU = Release|Any CPU
	EndGlobalSection
	GlobalSection(ProjectConfigurationPlatforms) = postSolution
		{A1D8E9A7-970A-4032-AF09-AD968A8AC3E8}.Debug|Any CPU.ActiveCfg = Debug|Any CPU
		{A1D8E9A7-970A-4032-AF09-AD968A8AC3E8}.Debug|Any CPU.Build.0 = Debug|Any CPU
		{A1D8E9A7-970A-4032-AF09-AD968A8AC3E8}.Release|Any CPU.ActiveCfg = Release|Any CPU
		{A1D8E9A7-970A-4032-AF09-AD968A8AC3E8}.Release|Any CPU.Build.0 = Release|Any CPU
	EndGlobalSection
	GlobalSection(SolutionProperties) = preSolution
		HideSolutionNode = FALSE
	EndGlobalSection
	GlobalSection(ExtensibilityGlobals) = postSolution
		SolutionGuid = {D3AD1596-FEB7-4655-9C8F-A80E4D63D153}
	EndGlobalSection
EndGlobal
